
Microsoft Visual Studio Solution File, Format Version 12.00
# Visual Studio Version 16
VisualStudioVersion = 16.0.28803.202
MinimumVisualStudioVersion = 10.0.40219.1
Project("{F184B08F-C81C-45F6-A57F-5ABD9991F28F}") = "CSLib.CS", "CSLib.CS\CSLib.CS.vbproj", "{58E0A41F-7387-4BA3-B3D1-5B387B42B9A9}"
EndProject
Project("{F184B08F-C81C-45F6-A57F-5ABD9991F28F}") = "CS.System.ServiceProcess", "CS.System.ServiceProcess\CS.System.ServiceProcess.vbproj", "{48DD5D03-CB03-47DF-81EE-66D5BA9824A3}"
EndProject
Project("{F184B08F-C81C-45F6-A57F-5ABD9991F28F}") = "CS.System.IO", "CS.System.IO\CS.System.IO.vbproj", "{40AE97A1-44C2-4BE6-9429-EB14CF8E5D5F}"
EndProject
Global
	GlobalSection(SolutionConfigurationPlatforms) = preSolution
		Debug|Any CPU = Debug|Any CPU
		Release|Any CPU = Release|Any CPU
	EndGlobalSection
	GlobalSection(ProjectConfigurationPlatforms) = postSolution
		{58E0A41F-7387-4BA3-B3D1-5B387B42B9A9}.Debug|Any CPU.ActiveCfg = Debug|Any CPU
		{58E0A41F-7387-4BA3-B3D1-5B387B42B9A9}.Debug|Any CPU.Build.0 = Debug|Any CPU
		{58E0A41F-7387-4BA3-B3D1-5B387B42B9A9}.Release|Any CPU.ActiveCfg = Release|Any CPU
		{58E0A41F-7387-4BA3-B3D1-5B387B42B9A9}.Release|Any CPU.Build.0 = Release|Any CPU
		{48DD5D03-CB03-47DF-81EE-66D5BA9824A3}.Debug|Any CPU.ActiveCfg = Debug|Any CPU
		{48DD5D03-CB03-47DF-81EE-66D5BA9824A3}.Debug|Any CPU.Build.0 = Debug|Any CPU
		{48DD5D03-CB03-47DF-81EE-66D5BA9824A3}.Release|Any CPU.ActiveCfg = Release|Any CPU
		{48DD5D03-CB03-47DF-81EE-66D5BA9824A3}.Release|Any CPU.Build.0 = Release|Any CPU
		{40AE97A1-44C2-4BE6-9429-EB14CF8E5D5F}.Debug|Any CPU.ActiveCfg = Debug|Any CPU
		{40AE97A1-44C2-4BE6-9429-EB14CF8E5D5F}.Debug|Any CPU.Build.0 = Debug|Any CPU
		{40AE97A1-44C2-4BE6-9429-EB14CF8E5D5F}.Release|Any CPU.ActiveCfg = Release|Any CPU
		{40AE97A1-44C2-4BE6-9429-EB14CF8E5D5F}.Release|Any CPU.Build.0 = Release|Any CPU
	EndGlobalSection
	GlobalSection(SolutionProperties) = preSolution
		HideSolutionNode = FALSE
	EndGlobalSection
	GlobalSection(ExtensibilityGlobals) = postSolution
		BuildVersion_UseGlobalSettings = True
		BuildVersion_UpdateFileVersion = True
		BuildVersion_UpdateAssemblyVersion = True
		BuildVersion_BuildVersioningStyle = None.None.None.Increment
		BuildVersion_StartDate = 2000/1/1
		SolutionGuid = {D4290CA6-582F-45D8-8733-A3C8DE90E462}
	EndGlobalSection
EndGlobal
